
Microsoft Visual Studio Solution File, Format Version 12.00
# Visual Studio Version 17
VisualStudioVersion = 17.7.34221.43
MinimumVisualStudioVersion = 10.0.40219.1
Project("{8BC9CEB8-8B4A-11D0-8D11-00A0C91BC942}") = "MarinOstojic1RP4_Zad1", "MarinOstojic1RP4_Zad1\MarinOstojic1RP4_Zad1.vcxproj", "{52004DF3-4C05-4EBD-8234-83E5C4CCFE07}"
EndProject
Project("{8BC9CEB8-8B4A-11D0-8D11-00A0C91BC942}") = "MarinOstojic1RP4_Zad2", "MarinOstojic1RP4_Zad2\MarinOstojic1RP4_Zad2.vcxproj", "{30563F55-790B-4A34-9069-AF0F97260BDD}"
EndProject
Global
	GlobalSection(SolutionConfigurationPlatforms) = preSolution
		Debug|x64 = Debug|x64
		Debug|x86 = Debug|x86
		Release|x64 = Release|x64
		Release|x86 = Release|x86
	EndGlobalSection
	GlobalSection(ProjectConfigurationPlatforms) = postSolution
		{52004DF3-4C05-4EBD-8234-83E5C4CCFE07}.Debug|x64.ActiveCfg = Debug|x64
		{52004DF3-4C05-4EBD-8234-83E5C4CCFE07}.Debug|x64.Build.0 = Debug|x64
		{52004DF3-4C05-4EBD-8234-83E5C4CCFE07}.Debug|x86.ActiveCfg = Debug|Win32
		{52004DF3-4C05-4EBD-8234-83E5C4CCFE07}.Debug|x86.Build.0 = Debug|Win32
		{52004DF3-4C05-4EBD-8234-83E5C4CCFE07}.Release|x64.ActiveCfg = Release|x64
		{52004DF3-4C05-4EBD-8234-83E5C4CCFE07}.Release|x64.Build.0 = Release|x64
		{52004DF3-4C05-4EBD-8234-83E5C4CCFE07}.Release|x86.ActiveCfg = Release|Win32
		{52004DF3-4C05-4EBD-8234-83E5C4CCFE07}.Release|x86.Build.0 = Release|Win32
		{30563F55-790B-4A34-9069-AF0F97260BDD}.Debug|x64.ActiveCfg = Debug|x64
		{30563F55-790B-4A34-9069-AF0F97260BDD}.Debug|x64.Build.0 = Debug|x64
		{30563F55-790B-4A34-9069-AF0F97260BDD}.Debug|x86.ActiveCfg = Debug|Win32
		{30563F55-790B-4A34-9069-AF0F97260BDD}.Debug|x86.Build.0 = Debug|Win32
		{30563F55-790B-4A34-9069-AF0F97260BDD}.Release|x64.ActiveCfg = Release|x64
		{30563F55-790B-4A34-9069-AF0F97260BDD}.Release|x64.Build.0 = Release|x64
		{30563F55-790B-4A34-9069-AF0F97260BDD}.Release|x86.ActiveCfg = Release|Win32
		{30563F55-790B-4A34-9069-AF0F97260BDD}.Release|x86.Build.0 = Release|Win32
	EndGlobalSection
	GlobalSection(SolutionProperties) = preSolution
		HideSolutionNode = FALSE
	EndGlobalSection
	GlobalSection(ExtensibilityGlobals) = postSolution
		SolutionGuid = {873EBBA8-CE48-4AFF-A264-EB60ECC8D7B9}
	EndGlobalSection
EndGlobal
